
Microsoft Visual Studio Solution File, Format Version 12.00
# Visual Studio Version 16
VisualStudioVersion = 16.0.31402.337
MinimumVisualStudioVersion = 10.0.40219.1
Project("{FAE04EC0-301F-11D3-BF4B-00C04F79EFBC}") = "Wpf-svs", "Wpf-svs\Wpf-svs.csproj", "{5AB970A9-558D-45AD-A7DF-569CD21E0E44}"
EndProject
Global
	GlobalSection(SolutionConfigurationPlatforms) = preSolution
		Debug|Any CPU = Debug|Any CPU
		Release|Any CPU = Release|Any CPU
	EndGlobalSection
	GlobalSection(ProjectConfigurationPlatforms) = postSolution
		{5AB970A9-558D-45AD-A7DF-569CD21E0E44}.Debug|Any CPU.ActiveCfg = Debug|Any CPU
		{5AB970A9-558D-45AD-A7DF-569CD21E0E44}.Debug|Any CPU.Build.0 = Debug|Any CPU
		{5AB970A9-558D-45AD-A7DF-569CD21E0E44}.Release|Any CPU.ActiveCfg = Release|Any CPU
		{5AB970A9-558D-45AD-A7DF-569CD21E0E44}.Release|Any CPU.Build.0 = Release|Any CPU
	EndGlobalSection
	GlobalSection(SolutionProperties) = preSolution
		HideSolutionNode = FALSE
	EndGlobalSection
	GlobalSection(ExtensibilityGlobals) = postSolution
		SolutionGuid = {6C2FF5C5-759F-4C82-9574-75B6329D6267}
	EndGlobalSection
EndGlobal
